schema: '2.0'
stages:
  train:
    cmd: python train.py
    deps:
    - path: data
      md5: dc4e0d11e2cc25a8d3af6309a95a6909.dir
      size: 825492216
      nfiles: 784
    - path: train.py
      md5: 0cb47e4f09062344c2b7953b73e6c40a
      size: 10738
    outs:
    - path: training_metrics.json
      md5: cb68472b4a16e6e98e9da0845bc8b762
      size: 101
    - path: training_metrics/scalars
      md5: 4b6046f97dd65b98573990379355d2ae.dir
      size: 986093
      nfiles: 8
  test:
    cmd: python test.py > test.log
    deps:
    - path: test.py
      md5: 2549bfd26a10660f5b2c02e7e1ff0e05
      size: 48883
    outs:
    - path: test.log
      md5: 400487543a4cf84c3719dfc5437d4a04
      size: 227
  evaluate:
    cmd: python evaluate.py
    deps:
    - path: evaluate.py
      md5: 7cb49e45a5f867476bdb7af0eef8ab6c
      size: 2566
    outs:
    - path: evaluation.json
      md5: d1324e6b47da1f9d250062262e1fa975
      size: 158
