schema: '2.0'
stages:
  train:
    cmd: python train.py
    deps:
    - path: data
      md5: 540cbb0ff4cb922d1a423ad64ed29731.dir
      size: 825038150
      nfiles: 776
    - path: train.py
      md5: 9fc7913dae4a3c23d2a4a6d123a2c17b
      size: 10732
    outs:
    - path: training_metrics.json
      md5: b65ff92772819a39a7daff066fd17ec6
      size: 100
    - path: training_metrics/scalars
      md5: cf4f928c62fa919e8402f22a8a368c0f.dir
      size: 31471
      nfiles: 8
  test:
    cmd: python test.py > test.log
    deps:
    - path: test.py
      md5: 2549bfd26a10660f5b2c02e7e1ff0e05
      size: 48883
    outs:
    - path: test.log
      md5: 400487543a4cf84c3719dfc5437d4a04
      size: 227
  evaluate:
    cmd: python evaluate.py
    deps:
    - path: evaluate.py
      md5: 7cb49e45a5f867476bdb7af0eef8ab6c
      size: 2566
    outs:
    - path: evaluation.json
      md5: d1324e6b47da1f9d250062262e1fa975
      size: 158
